// !$*UTF8*$!
{
	archiveVersion = 1;
	classes = {
	};
	objectVersion = 56;
	objects = {

/* Begin PBXBuildFile section */
		CAF5487A2B6687070048F9CF /* MoteApp.swift in Sources */ = {isa = PBXBuildFile; fileRef = CAF548792B6687070048F9CF /* MoteApp.swift */; };
		CAF5487C2B6687070048F9CF /* ContentView.swift in Sources */ = {isa = PBXBuildFile; fileRef = CAF5487B2B6687070048F9CF /* ContentView.swift */; };
		CAF5487E2B6687080048F9CF /* Assets.xcassets in Resources */ = {isa = PBXBuildFile; fileRef = CAF5487D2B6687080048F9CF /* Assets.xcassets */; };
		CAF548812B6687080048F9CF /* Preview Assets.xcassets in Resources */ = {isa = PBXBuildFile; fileRef = CAF548802B6687080048F9CF /* Preview Assets.xcassets */; };
		CAF548872B6687080048F9CF /* Mote Watch App.app in Embed Watch Content */ = {isa = PBXBuildFile; fileRef = CAF548862B6687080048F9CF /* Mote Watch App.app */; settings = {ATTRIBUTES = (RemoveHeadersOnCopy, ); }; };
		CAF5488C2B6687080048F9CF /* MoteApp.swift in Sources */ = {isa = PBXBuildFile; fileRef = CAF5488B2B6687080048F9CF /* MoteApp.swift */; };
		CAF5488E2B6687080048F9CF /* ContentView.swift in Sources */ = {isa = PBXBuildFile; fileRef = CAF5488D2B6687080048F9CF /* ContentView.swift */; };
		CAF548902B6687090048F9CF /* Assets.xcassets in Resources */ = {isa = PBXBuildFile; fileRef = CAF5488F2B6687090048F9CF /* Assets.xcassets */; };
		CAF548932B6687090048F9CF /* Preview Assets.xcassets in Resources */ = {isa = PBXBuildFile; fileRef = CAF548922B6687090048F9CF /* Preview Assets.xcassets */; };
		CAF5489D2B66872A0048F9CF /* Assets.xcassets in Resources */ = {isa = PBXBuildFile; fileRef = CAF5488F2B6687090048F9CF /* Assets.xcassets */; };
/* End PBXBuildFile section */

/* Begin PBXContainerItemProxy section */
		CAF548882B6687080048F9CF /* PBXContainerItemProxy */ = {
			isa = PBXContainerItemProxy;
			containerPortal = CAF5486E2B6687070048F9CF /* Project object */;
			proxyType = 1;
			remoteGlobalIDString = CAF548852B6687080048F9CF;
			remoteInfo = "Mote Watch App";
		};
/* End PBXContainerItemProxy section */

/* Begin PBXCopyFilesBuildPhase section */
		CAF548992B6687090048F9CF /* Embed Watch Content */ = {
			isa = PBXCopyFilesBuildPhase;
			buildActionMask = 2147483647;
			dstPath = "$(CONTENTS_FOLDER_PATH)/Watch";
			dstSubfolderSpec = 16;
			files = (
				CAF548872B6687080048F9CF /* Mote Watch App.app in Embed Watch Content */,
			);
			name = "Embed Watch Content";
			runOnlyForDeploymentPostprocessing = 0;
		};
/* End PBXCopyFilesBuildPhase section */

/* Begin PBXFileReference section */
		CAF548762B6687070048F9CF /* Mote.app */ = {isa = PBXFileReference; explicitFileType = wrapper.application; includeInIndex = 0; path = Mote.app; sourceTree = BUILT_PRODUCTS_DIR; };
		CAF548792B6687070048F9CF /* MoteApp.swift */ = {isa = PBXFileReference; lastKnownFileType = sourcecode.swift; path = MoteApp.swift; sourceTree = "<group>"; };
		CAF5487B2B6687070048F9CF /* ContentView.swift */ = {isa = PBXFileReference; lastKnownFileType = sourcecode.swift; path = ContentView.swift; sourceTree = "<group>"; };
		CAF5487D2B6687080048F9CF /* Assets.xcassets */ = {isa = PBXFileReference; lastKnownFileType = folder.assetcatalog; path = Assets.xcassets; sourceTree = "<group>"; };
		CAF548802B6687080048F9CF /* Preview Assets.xcassets */ = {isa = PBXFileReference; lastKnownFileType = folder.assetcatalog; path = "Preview Assets.xcassets"; sourceTree = "<group>"; };
		CAF548862B6687080048F9CF /* Mote Watch App.app */ = {isa = PBXFileReference; explicitFileType = wrapper.application; includeInIndex = 0; path = "Mote Watch App.app"; sourceTree = BUILT_PRODUCTS_DIR; };
		CAF5488B2B6687080048F9CF /* MoteApp.swift */ = {isa = PBXFileReference; lastKnownFileType = sourcecode.swift; path = MoteApp.swift; sourceTree = "<group>"; };
		CAF5488D2B6687080048F9CF /* ContentView.swift */ = {isa = PBXFileReference; lastKnownFileType = sourcecode.swift; path = ContentView.swift; sourceTree = "<group>"; };
		CAF5488F2B6687090048F9CF /* Assets.xcassets */ = {isa = PBXFileReference; lastKnownFileType = folder.assetcatalog; path = Assets.xcassets; sourceTree = "<group>"; };
		CAF548922B6687090048F9CF /* Preview Assets.xcassets */ = {isa = PBXFileReference; lastKnownFileType = folder.assetcatalog; path = "Preview Assets.xcassets"; sourceTree = "<group>"; };
/* End PBXFileReference section */

/* Begin PBXFrameworksBuildPhase section */
		CAF548732B6687070048F9CF /* Frameworks */ = {
			isa = PBXFrameworksBuildPhase;
			buildActionMask = 2147483647;
			files = (
			);
			runOnlyForDeploymentPostprocessing = 0;
		};
		CAF548832B6687080048F9CF /* Frameworks */ = {
			isa = PBXFrameworksBuildPhase;
			buildActionMask = 2147483647;
			files = (
			);
			runOnlyForDeploymentPostprocessing = 0;
		};
/* End PBXFrameworksBuildPhase section */

/* Begin PBXGroup section */
		CAF5486D2B6687070048F9CF = {
			isa = PBXGroup;
			children = (
				CAF548782B6687070048F9CF /* Mote */,
				CAF5488A2B6687080048F9CF /* Mote Watch App */,
				CAF548772B6687070048F9CF /* Products */,
			);
			sourceTree = "<group>";
		};
		CAF548772B6687070048F9CF /* Products */ = {
			isa = PBXGroup;
			children = (
				CAF548762B6687070048F9CF /* Mote.app */,
				CAF548862B6687080048F9CF /* Mote Watch App.app */,
			);
			name = Products;
			sourceTree = "<group>";
		};
		CAF548782B6687070048F9CF /* Mote */ = {
			isa = PBXGroup;
			children = (
				CAF548792B6687070048F9CF /* MoteApp.swift */,
				CAF5487B2B6687070048F9CF /* ContentView.swift */,
				CAF5487D2B6687080048F9CF /* Assets.xcassets */,
				CAF5487F2B6687080048F9CF /* Preview Content */,
			);
			path = Mote;
			sourceTree = "<group>";
		};
		CAF5487F2B6687080048F9CF /* Preview Content */ = {
			isa = PBXGroup;
			children = (
				CAF548802B6687080048F9CF /* Preview Assets.xcassets */,
			);
			path = "Preview Content";
			sourceTree = "<group>";
		};
		CAF5488A2B6687080048F9CF /* Mote Watch App */ = {
			isa = PBXGroup;
			children = (
				CAF5488B2B6687080048F9CF /* MoteApp.swift */,
				CAF5488D2B6687080048F9CF /* ContentView.swift */,
				CAF5488F2B6687090048F9CF /* Assets.xcassets */,
				CAF548912B6687090048F9CF /* Preview Content */,
			);
			path = "Mote Watch App";
			sourceTree = "<group>";
		};
		CAF548912B6687090048F9CF /* Preview Content */ = {
			isa = PBXGroup;
			children = (
				CAF548922B6687090048F9CF /* Preview Assets.xcassets */,
			);
			path = "Preview Content";
			sourceTree = "<group>";
		};
/* End PBXGroup section */

/* Begin PBXNativeTarget section */
		CAF548752B6687070048F9CF /* Mote */ = {
			isa = PBXNativeTarget;
			buildConfigurationList = CAF5489A2B6687090048F9CF /* Build configuration list for PBXNativeTarget "Mote" */;
			buildPhases = (
				CAF548722B6687070048F9CF /* Sources */,
				CAF548732B6687070048F9CF /* Frameworks */,
				CAF548742B6687070048F9CF /* Resources */,
				CAF548992B6687090048F9CF /* Embed Watch Content */,
			);
			buildRules = (
			);
			dependencies = (
				CAF548892B6687080048F9CF /* PBXTargetDependency */,
			);
			name = Mote;
			productName = Mote;
			productReference = CAF548762B6687070048F9CF /* Mote.app */;
			productType = "com.apple.product-type.application";
		};
		CAF548852B6687080048F9CF /* Mote Watch App */ = {
			isa = PBXNativeTarget;
			buildConfigurationList = CAF548962B6687090048F9CF /* Build configuration list for PBXNativeTarget "Mote Watch App" */;
			buildPhases = (
				CAF548822B6687080048F9CF /* Sources */,
				CAF548832B6687080048F9CF /* Frameworks */,
				CAF548842B6687080048F9CF /* Resources */,
			);
			buildRules = (
			);
			dependencies = (
			);
			name = "Mote Watch App";
			productName = "Mote Watch App";
			productReference = CAF548862B6687080048F9CF /* Mote Watch App.app */;
			productType = "com.apple.product-type.application";
		};
/* End PBXNativeTarget section */

/* Begin PBXProject section */
		CAF5486E2B6687070048F9CF /* Project object */ = {
			isa = PBXProject;
			attributes = {
				BuildIndependentTargetsInParallel = 1;
				LastSwiftUpdateCheck = 1520;
				LastUpgradeCheck = 1520;
				TargetAttributes = {
					CAF548752B6687070048F9CF = {
						CreatedOnToolsVersion = 15.2;
					};
					CAF548852B6687080048F9CF = {
						CreatedOnToolsVersion = 15.2;
					};
				};
			};
			buildConfigurationList = CAF548712B6687070048F9CF /* Build configuration list for PBXProject "Mote" */;
			compatibilityVersion = "Xcode 14.0";
			developmentRegion = en;
			hasScannedForEncodings = 0;
			knownRegions = (
				en,
				Base,
			);
			mainGroup = CAF5486D2B6687070048F9CF;
			productRefGroup = CAF548772B6687070048F9CF /* Products */;
			projectDirPath = "";
			projectRoot = "";
			targets = (
				CAF548752B6687070048F9CF /* Mote */,
				CAF548852B6687080048F9CF /* Mote Watch App */,
			);
		};
/* End PBXProject section */

/* Begin PBXResourcesBuildPhase section */
		CAF548742B6687070048F9CF /* Resources */ = {
			isa = PBXResourcesBuildPhase;
			buildActionMask = 2147483647;
			files = (
				CAF548812B6687080048F9CF /* Preview Assets.xcassets in Resources */,
				CAF5489D2B66872A0048F9CF /* Assets.xcassets in Resources */,
				CAF5487E2B6687080048F9CF /* Assets.xcassets in Resources */,
			);
			runOnlyForDeploymentPostprocessing = 0;
		};
		CAF548842B6687080048F9CF /* Resources */ = {
			isa = PBXResourcesBuildPhase;
			buildActionMask = 2147483647;
			files = (
				CAF548932B6687090048F9CF /* Preview Assets.xcassets in Resources */,
				CAF548902B6687090048F9CF /* Assets.xcassets in Resources */,
			);
			runOnlyForDeploymentPostprocessing = 0;
		};
/* End PBXResourcesBuildPhase section */

/* Begin PBXSourcesBuildPhase section */
		CAF548722B6687070048F9CF /* Sources */ = {
			isa = PBXSourcesBuildPhase;
			buildActionMask = 2147483647;
			files = (
				CAF5487C2B6687070048F9CF /* ContentView.swift in Sources */,
				CAF5487A2B6687070048F9CF /* MoteApp.swift in Sources */,
			);
			runOnlyForDeploymentPostprocessing = 0;
		};
		CAF548822B6687080048F9CF /* Sources */ = {
			isa = PBXSourcesBuildPhase;
			buildActionMask = 2147483647;
			files = (
				CAF5488E2B6687080048F9CF /* ContentView.swift in Sources */,
				CAF5488C2B6687080048F9CF /* MoteApp.swift in Sources */,
			);
			runOnlyForDeploymentPostprocessing = 0;
		};
/* End PBXSourcesBuildPhase section */

/* Begin PBXTargetDependency section */
		CAF548892B6687080048F9CF /* PBXTargetDependency */ = {
			isa = PBXTargetDependency;
			target = CAF548852B6687080048F9CF /* Mote Watch App */;
			targetProxy = CAF548882B6687080048F9CF /* PBXContainerItemProxy */;
		};
/* End PBXTargetDependency section */

/* Begin XCBuildConfiguration section */
		CAF548942B6687090048F9CF /* Debug */ = {
			isa = XCBuildConfiguration;
			buildSettings = {
				ALWAYS_SEARCH_USER_PATHS = NO;
				ASSETCATALOG_COMPILER_GENERATE_SWIFT_ASSET_SYMBOL_EXTENSIONS = YES;
				CLANG_ANALYZER_NONNULL = YES;
				CLANG_ANALYZER_NUMBER_OBJECT_CONVERSION = YES_AGGRESSIVE;
				CLANG_CXX_LANGUAGE_STANDARD = "gnu++20";
				CLANG_ENABLE_MODULES = YES;
				CLANG_ENABLE_OBJC_ARC = YES;
				CLANG_ENABLE_OBJC_WEAK = YES;
				CLANG_WARN_BLOCK_CAPTURE_AUTORELEASING = YES;
				CLANG_WARN_BOOL_CONVERSION = YES;
				CLANG_WARN_COMMA = YES;
				CLANG_WARN_CONSTANT_CONVERSION = YES;
				CLANG_WARN_DEPRECATED_OBJC_IMPLEMENTATIONS = YES;
				CLANG_WARN_DIRECT_OBJC_ISA_USAGE = YES_ERROR;
				CLANG_WARN_DOCUMENTATION_COMMENTS = YES;
				CLANG_WARN_EMPTY_BODY = YES;
				CLANG_WARN_ENUM_CONVERSION = YES;
				CLANG_WARN_INFINITE_RECURSION = YES;
				CLANG_WARN_INT_CONVERSION = YES;
				CLANG_WARN_NON_LITERAL_NULL_CONVERSION = YES;
				CLANG_WARN_OBJC_IMPLICIT_RETAIN_SELF = YES;
				CLANG_WARN_OBJC_LITERAL_CONVERSION = YES;
				CLANG_WARN_OBJC_ROOT_CLASS = YES_ERROR;
				CLANG_WARN_QUOTED_INCLUDE_IN_FRAMEWORK_HEADER = YES;
				CLANG_WARN_RANGE_LOOP_ANALYSIS = YES;
				CLANG_WARN_STRICT_PROTOTYPES = YES;
				CLANG_WARN_SUSPICIOUS_MOVE = YES;
				CLANG_WARN_UNGUARDED_AVAILABILITY = YES_AGGRESSIVE;
				CLANG_WARN_UNREACHABLE_CODE = YES;
				CLANG_WARN__DUPLICATE_METHOD_MATCH = YES;
				COPY_PHASE_STRIP = NO;
				DEBUG_INFORMATION_FORMAT = dwarf;
				ENABLE_STRICT_OBJC_MSGSEND = YES;
				ENABLE_TESTABILITY = YES;
				ENABLE_USER_SCRIPT_SANDBOXING = YES;
				GCC_C_LANGUAGE_STANDARD = gnu17;
				GCC_DYNAMIC_NO_PIC = NO;
				GCC_NO_COMMON_BLOCKS = YES;
				GCC_OPTIMIZATION_LEVEL = 0;
				GCC_PREPROCESSOR_DEFINITIONS = (
					"DEBUG=1",
					"$(inherited)",
				);
				GCC_WARN_64_TO_32_BIT_CONVERSION = YES;
				GCC_WARN_ABOUT_RETURN_TYPE = YES_ERROR;
				GCC_WARN_UNDECLARED_SELECTOR = YES;
				GCC_WARN_UNINITIALIZED_AUTOS = YES_AGGRESSIVE;
				GCC_WARN_UNUSED_FUNCTION = YES;
				GCC_WARN_UNUSED_VARIABLE = YES;
				LOCALIZATION_PREFERS_STRING_CATALOGS = YES;
				MTL_ENABLE_DEBUG_INFO = INCLUDE_SOURCE;
				MTL_FAST_MATH = YES;
				ONLY_ACTIVE_ARCH = YES;
				SWIFT_ACTIVE_COMPILATION_CONDITIONS = "DEBUG $(inherited)";
				SWIFT_OPTIMIZATION_LEVEL = "-Onone";
			};
			name = Debug;
		};
		CAF548952B6687090048F9CF /* Release */ = {
			isa = XCBuildConfiguration;
			buildSettings = {
				ALWAYS_SEARCH_USER_PATHS = NO;
				ASSETCATALOG_COMPILER_GENERATE_SWIFT_ASSET_SYMBOL_EXTENSIONS = YES;
				CLANG_ANALYZER_NONNULL = YES;
				CLANG_ANALYZER_NUMBER_OBJECT_CONVERSION = YES_AGGRESSIVE;
				CLANG_CXX_LANGUAGE_STANDARD = "gnu++20";
				CLANG_ENABLE_MODULES = YES;
				CLANG_ENABLE_OBJC_ARC = YES;
				CLANG_ENABLE_OBJC_WEAK = YES;
				CLANG_WARN_BLOCK_CAPTURE_AUTORELEASING = YES;
				CLANG_WARN_BOOL_CONVERSION = YES;
				CLANG_WARN_COMMA = YES;
				CLANG_WARN_CONSTANT_CONVERSION = YES;
				CLANG_WARN_DEPRECATED_OBJC_IMPLEMENTATIONS = YES;
				CLANG_WARN_DIRECT_OBJC_ISA_USAGE = YES_ERROR;
				CLANG_WARN_DOCUMENTATION_COMMENTS = YES;
				CLANG_WARN_EMPTY_BODY = YES;
				CLANG_WARN_ENUM_CONVERSION = YES;
				CLANG_WARN_INFINITE_RECURSION = YES;
				CLANG_WARN_INT_CONVERSION = YES;
				CLANG_WARN_NON_LITERAL_NULL_CONVERSION = YES;
				CLANG_WARN_OBJC_IMPLICIT_RETAIN_SELF = YES;
				CLANG_WARN_OBJC_LITERAL_CONVERSION = YES;
				CLANG_WARN_OBJC_ROOT_CLASS = YES_ERROR;
				CLANG_WARN_QUOTED_INCLUDE_IN_FRAMEWORK_HEADER = YES;
				CLANG_WARN_RANGE_LOOP_ANALYSIS = YES;
				CLANG_WARN_STRICT_PROTOTYPES = YES;
				CLANG_WARN_SUSPICIOUS_MOVE = YES;
				CLANG_WARN_UNGUARDED_AVAILABILITY = YES_AGGRESSIVE;
				CLANG_WARN_UNREACHABLE_CODE = YES;
				CLANG_WARN__DUPLICATE_METHOD_MATCH = YES;
				COPY_PHASE_STRIP = NO;
				DEBUG_INFORMATION_FORMAT = "dwarf-with-dsym";
				ENABLE_NS_ASSERTIONS = NO;
				ENABLE_STRICT_OBJC_MSGSEND = YES;
				ENABLE_USER_SCRIPT_SANDBOXING = YES;
				GCC_C_LANGUAGE_STANDARD = gnu17;
				GCC_NO_COMMON_BLOCKS = YES;
				GCC_WARN_64_TO_32_BIT_CONVERSION = YES;
				GCC_WARN_ABOUT_RETURN_TYPE = YES_ERROR;
				GCC_WARN_UNDECLARED_SELECTOR = YES;
				GCC_WARN_UNINITIALIZED_AUTOS = YES_AGGRESSIVE;
				GCC_WARN_UNUSED_FUNCTION = YES;
				GCC_WARN_UNUSED_VARIABLE = YES;
				LOCALIZATION_PREFERS_STRING_CATALOGS = YES;
				MTL_ENABLE_DEBUG_INFO = NO;
				MTL_FAST_MATH = YES;
				SWIFT_COMPILATION_MODE = wholemodule;
			};
			name = Release;
		};
		CAF548972B6687090048F9CF /* Debug */ = {
			isa = XCBuildConfiguration;
			buildSettings = {
				ASSETCATALOG_COMPILER_APPICON_NAME = AppIcon;
				ASSETCATALOG_COMPILER_GLOBAL_ACCENT_COLOR_NAME = AccentColor;
				CODE_SIGN_STYLE = Automatic;
				CURRENT_PROJECT_VERSION = 1;
				DEVELOPMENT_ASSET_PATHS = "\"Mote Watch App/Preview Content\"";
				DEVELOPMENT_TEAM = 4NK62H99X6;
				ENABLE_PREVIEWS = YES;
				GENERATE_INFOPLIST_FILE = YES;
				INFOPLIST_KEY_CFBundleDisplayName = Mote;
				INFOPLIST_KEY_UISupportedInterfaceOrientations = "UIInterfaceOrientationPortrait UIInterfaceOrientationPortraitUpsideDown";
				INFOPLIST_KEY_WKCompanionAppBundleIdentifier = com.jareksedy.Mote;
				LD_RUNPATH_SEARCH_PATHS = (
					"$(inherited)",
					"@executable_path/Frameworks",
				);
				MARKETING_VERSION = 1.0;
				PRODUCT_BUNDLE_IDENTIFIER = com.jareksedy.Mote.watchkitapp;
				PRODUCT_NAME = "$(TARGET_NAME)";
				SDKROOT = watchos;
				SKIP_INSTALL = YES;
				SWIFT_EMIT_LOC_STRINGS = YES;
				SWIFT_VERSION = 5.0;
				TARGETED_DEVICE_FAMILY = 4;
				WATCHOS_DEPLOYMENT_TARGET = 10.2;
			};
			name = Debug;
		};
		CAF548982B6687090048F9CF /* Release */ = {
			isa = XCBuildConfiguration;
			buildSettings = {
				ASSETCATALOG_COMPILER_APPICON_NAME = AppIcon;
				ASSETCATALOG_COMPILER_GLOBAL_ACCENT_COLOR_NAME = AccentColor;
				CODE_SIGN_STYLE = Automatic;
				CURRENT_PROJECT_VERSION = 1;
				DEVELOPMENT_ASSET_PATHS = "\"Mote Watch App/Preview Content\"";
				DEVELOPMENT_TEAM = 4NK62H99X6;
				ENABLE_PREVIEWS = YES;
				GENERATE_INFOPLIST_FILE = YES;
				INFOPLIST_KEY_CFBundleDisplayName = Mote;
				INFOPLIST_KEY_UISupportedInterfaceOrientations = "UIInterfaceOrientationPortrait UIInterfaceOrientationPortraitUpsideDown";
				INFOPLIST_KEY_WKCompanionAppBundleIdentifier = com.jareksedy.Mote;
				LD_RUNPATH_SEARCH_PATHS = (
					"$(inherited)",
					"@executable_path/Frameworks",
				);
				MARKETING_VERSION = 1.0;
				PRODUCT_BUNDLE_IDENTIFIER = com.jareksedy.Mote.watchkitapp;
				PRODUCT_NAME = "$(TARGET_NAME)";
				SDKROOT = watchos;
				SKIP_INSTALL = YES;
				SWIFT_EMIT_LOC_STRINGS = YES;
				SWIFT_VERSION = 5.0;
				TARGETED_DEVICE_FAMILY = 4;
				VALIDATE_PRODUCT = YES;
				WATCHOS_DEPLOYMENT_TARGET = 10.2;
			};
			name = Release;
		};
		CAF5489B2B6687090048F9CF /* Debug */ = {
			isa = XCBuildConfiguration;
			buildSettings = {
				ALWAYS_EMBED_SWIFT_STANDARD_LIBRARIES = YES;
				ASSETCATALOG_COMPILER_APPICON_NAME = AppIcon;
				ASSETCATALOG_COMPILER_GLOBAL_ACCENT_COLOR_NAME = AccentColor;
				CODE_SIGN_STYLE = Automatic;
				CURRENT_PROJECT_VERSION = 1;
				DEVELOPMENT_ASSET_PATHS = "\"Mote/Preview Content\"";
				DEVELOPMENT_TEAM = 4NK62H99X6;
				ENABLE_PREVIEWS = YES;
				GENERATE_INFOPLIST_FILE = YES;
				INFOPLIST_KEY_CFBundleDisplayName = Mote;
				INFOPLIST_KEY_UIApplicationSceneManifest_Generation = YES;
				INFOPLIST_KEY_UIApplicationSupportsIndirectInputEvents = YES;
				INFOPLIST_KEY_UILaunchScreen_Generation = YES;
				INFOPLIST_KEY_UISupportedInterfaceOrientations_iPad = "UIInterfaceOrientationPortrait UIInterfaceOrientationPortraitUpsideDown UIInterfaceOrientationLandscapeLeft UIInterfaceOrientationLandscapeRight";
				INFOPLIST_KEY_UISupportedInterfaceOrientations_iPhone = "UIInterfaceOrientationPortrait UIInterfaceOrientationLandscapeLeft UIInterfaceOrientationLandscapeRight";
				IPHONEOS_DEPLOYMENT_TARGET = 17.2;
				LD_RUNPATH_SEARCH_PATHS = (
					"$(inherited)",
					"@executable_path/Frameworks",
				);
				MARKETING_VERSION = 1.0;
				PRODUCT_BUNDLE_IDENTIFIER = com.jareksedy.Mote;
				PRODUCT_NAME = "$(TARGET_NAME)";
				SDKROOT = iphoneos;
				SWIFT_EMIT_LOC_STRINGS = YES;
				SWIFT_VERSION = 5.0;
				TARGETED_DEVICE_FAMILY = "1,2";
			};
			name = Debug;
		};
		CAF5489C2B6687090048F9CF /* Release */ = {
			isa = XCBuildConfiguration;
			buildSettings = {
				ALWAYS_EMBED_SWIFT_STANDARD_LIBRARIES = YES;
				ASSETCATALOG_COMPILER_APPICON_NAME = AppIcon;
				ASSETCATALOG_COMPILER_GLOBAL_ACCENT_COLOR_NAME = AccentColor;
				CODE_SIGN_STYLE = Automatic;
				CURRENT_PROJECT_VERSION = 1;
				DEVELOPMENT_ASSET_PATHS = "\"Mote/Preview Content\"";
				DEVELOPMENT_TEAM = 4NK62H99X6;
				ENABLE_PREVIEWS = YES;
				GENERATE_INFOPLIST_FILE = YES;
				INFOPLIST_KEY_CFBundleDisplayName = Mote;
				INFOPLIST_KEY_UIApplicationSceneManifest_Generation = YES;
				INFOPLIST_KEY_UIApplicationSupportsIndirectInputEvents = YES;
				INFOPLIST_KEY_UILaunchScreen_Generation = YES;
				INFOPLIST_KEY_UISupportedInterfaceOrientations_iPad = "UIInterfaceOrientationPortrait UIInterfaceOrientationPortraitUpsideDown UIInterfaceOrientationLandscapeLeft UIInterfaceOrientationLandscapeRight";
				INFOPLIST_KEY_UISupportedInterfaceOrientations_iPhone = "UIInterfaceOrientationPortrait UIInterfaceOrientationLandscapeLeft UIInterfaceOrientationLandscapeRight";
				IPHONEOS_DEPLOYMENT_TARGET = 17.2;
				LD_RUNPATH_SEARCH_PATHS = (
					"$(inherited)",
					"@executable_path/Frameworks",
				);
				MARKETING_VERSION = 1.0;
				PRODUCT_BUNDLE_IDENTIFIER = com.jareksedy.Mote;
				PRODUCT_NAME = "$(TARGET_NAME)";
				SDKROOT = iphoneos;
				SWIFT_EMIT_LOC_STRINGS = YES;
				SWIFT_VERSION = 5.0;
				TARGETED_DEVICE_FAMILY = "1,2";
				VALIDATE_PRODUCT = YES;
			};
			name = Release;
		};
/* End XCBuildConfiguration section */

/* Begin XCConfigurationList section */
		CAF548712B6687070048F9CF /* Build configuration list for PBXProject "Mote" */ = {
			isa = XCConfigurationList;
			buildConfigurations = (
				CAF548942B6687090048F9CF /* Debug */,
				CAF548952B6687090048F9CF /* Release */,
			);
			defaultConfigurationIsVisible = 0;
			defaultConfigurationName = Release;
		};
		CAF548962B6687090048F9CF /* Build configuration list for PBXNativeTarget "Mote Watch App" */ = {
			isa = XCConfigurationList;
			buildConfigurations = (
				CAF548972B6687090048F9CF /* Debug */,
				CAF548982B6687090048F9CF /* Release */,
			);
			defaultConfigurationIsVisible = 0;
			defaultConfigurationName = Release;
		};
		CAF5489A2B6687090048F9CF /* Build configuration list for PBXNativeTarget "Mote" */ = {
			isa = XCConfigurationList;
			buildConfigurations = (
				CAF5489B2B6687090048F9CF /* Debug */,
				CAF5489C2B6687090048F9CF /* Release */,
			);
			defaultConfigurationIsVisible = 0;
			defaultConfigurationName = Release;
		};
/* End XCConfigurationList section */
	};
	rootObject = CAF5486E2B6687070048F9CF /* Project object */;
}
