{
  "pins" : [
    {
      "identity" : "foil",
      "kind" : "remoteSourceControl",
      "location" : "https://github.com/jessesquires/Foil.git",
      "state" : {
        "revision" : "bc08a46268cb3bb22fee2c8465d97e6d7bf981e1",
        "version" : "5.0.1"
      }
    },
    {
      "identity" : "webosclient",
      "kind" : "remoteSourceControl",
      "location" : "https://github.com/jareksedy/WebOSClient.git",
      "state" : {
        "revision" : "007de3713eae9f58d09c877e60ed2db5ba47827d",
        "version" : "1.1.0"
      }
    }
  ],
  "version" : 2
}
